
Microsoft Visual Studio Solution File, Format Version 12.00
# Visual Studio Version 16
VisualStudioVersion = 16.0.34902.97
MinimumVisualStudioVersion = 10.0.40219.1
Project("{FAE04EC0-301F-11D3-BF4B-00C04F79EFBC}") = "csa.Admin", "csa.Admin\csa.Admin.csproj", "{0EE3AE12-61D2-49F1-825D-B6EA1210C70E}"
EndProject
Project("{FAE04EC0-301F-11D3-BF4B-00C04F79EFBC}") = "csa.DataLogic", "csa.DataLogic\csa.DataLogic.csproj", "{F84650F4-6BA0-48D0-A9CA-F332D6D5656E}"
EndProject
Project("{FAE04EC0-301F-11D3-BF4B-00C04F79EFBC}") = "csa.Entity", "csa.Entity\csa.Entity.csproj", "{E600D0C5-16DF-4AD0-B9F2-07B92A8ABA11}"
EndProject
Project("{FAE04EC0-301F-11D3-BF4B-00C04F79EFBC}") = "csa.Model", "csa.Model\csa.Model.csproj", "{42122931-15D8-4651-AA27-CC88D6056003}"
EndProject
Project("{FAE04EC0-301F-11D3-BF4B-00C04F79EFBC}") = "csa.Api", "csa.Api\csa.Api.csproj", "{595B5AB0-66FC-4D9D-9AC2-0E5E696C9865}"
EndProject
Project("{FAE04EC0-301F-11D3-BF4B-00C04F79EFBC}") = "csa.Library", "csa.Library\csa.Library.csproj", "{DB5C46BB-A57E-4A50-8501-82E77EFB73E4}"
EndProject
Project("{FAE04EC0-301F-11D3-BF4B-00C04F79EFBC}") = "csa.Member", "csa.Member\csa.Member.csproj", "{318EF5C8-B500-48C0-B9DB-E83C407194E9}"
EndProject
Global
	GlobalSection(SolutionConfigurationPlatforms) = preSolution
		Debug|Any CPU = Debug|Any CPU
		Release|Any CPU = Release|Any CPU
	EndGlobalSection
	GlobalSection(ProjectConfigurationPlatforms) = postSolution
		{0EE3AE12-61D2-49F1-825D-B6EA1210C70E}.Debug|Any CPU.ActiveCfg = Debug|Any CPU
		{0EE3AE12-61D2-49F1-825D-B6EA1210C70E}.Debug|Any CPU.Build.0 = Debug|Any CPU
		{0EE3AE12-61D2-49F1-825D-B6EA1210C70E}.Release|Any CPU.ActiveCfg = Release|Any CPU
		{0EE3AE12-61D2-49F1-825D-B6EA1210C70E}.Release|Any CPU.Build.0 = Release|Any CPU
		{F84650F4-6BA0-48D0-A9CA-F332D6D5656E}.Debug|Any CPU.ActiveCfg = Debug|Any CPU
		{F84650F4-6BA0-48D0-A9CA-F332D6D5656E}.Debug|Any CPU.Build.0 = Debug|Any CPU
		{F84650F4-6BA0-48D0-A9CA-F332D6D5656E}.Release|Any CPU.ActiveCfg = Release|Any CPU
		{F84650F4-6BA0-48D0-A9CA-F332D6D5656E}.Release|Any CPU.Build.0 = Release|Any CPU
		{E600D0C5-16DF-4AD0-B9F2-07B92A8ABA11}.Debug|Any CPU.ActiveCfg = Debug|Any CPU
		{E600D0C5-16DF-4AD0-B9F2-07B92A8ABA11}.Debug|Any CPU.Build.0 = Debug|Any CPU
		{E600D0C5-16DF-4AD0-B9F2-07B92A8ABA11}.Release|Any CPU.ActiveCfg = Release|Any CPU
		{E600D0C5-16DF-4AD0-B9F2-07B92A8ABA11}.Release|Any CPU.Build.0 = Release|Any CPU
		{42122931-15D8-4651-AA27-CC88D6056003}.Debug|Any CPU.ActiveCfg = Debug|Any CPU
		{42122931-15D8-4651-AA27-CC88D6056003}.Debug|Any CPU.Build.0 = Debug|Any CPU
		{42122931-15D8-4651-AA27-CC88D6056003}.Release|Any CPU.ActiveCfg = Release|Any CPU
		{42122931-15D8-4651-AA27-CC88D6056003}.Release|Any CPU.Build.0 = Release|Any CPU
		{595B5AB0-66FC-4D9D-9AC2-0E5E696C9865}.Debug|Any CPU.ActiveCfg = Debug|Any CPU
		{595B5AB0-66FC-4D9D-9AC2-0E5E696C9865}.Debug|Any CPU.Build.0 = Debug|Any CPU
		{595B5AB0-66FC-4D9D-9AC2-0E5E696C9865}.Release|Any CPU.ActiveCfg = Release|Any CPU
		{595B5AB0-66FC-4D9D-9AC2-0E5E696C9865}.Release|Any CPU.Build.0 = Release|Any CPU
		{DB5C46BB-A57E-4A50-8501-82E77EFB73E4}.Debug|Any CPU.ActiveCfg = Debug|Any CPU
		{DB5C46BB-A57E-4A50-8501-82E77EFB73E4}.Debug|Any CPU.Build.0 = Debug|Any CPU
		{DB5C46BB-A57E-4A50-8501-82E77EFB73E4}.Release|Any CPU.ActiveCfg = Release|Any CPU
		{DB5C46BB-A57E-4A50-8501-82E77EFB73E4}.Release|Any CPU.Build.0 = Release|Any CPU
		{318EF5C8-B500-48C0-B9DB-E83C407194E9}.Debug|Any CPU.ActiveCfg = Debug|Any CPU
		{318EF5C8-B500-48C0-B9DB-E83C407194E9}.Debug|Any CPU.Build.0 = Debug|Any CPU
		{318EF5C8-B500-48C0-B9DB-E83C407194E9}.Release|Any CPU.ActiveCfg = Release|Any CPU
		{318EF5C8-B500-48C0-B9DB-E83C407194E9}.Release|Any CPU.Build.0 = Release|Any CPU
	EndGlobalSection
	GlobalSection(SolutionProperties) = preSolution
		HideSolutionNode = FALSE
	EndGlobalSection
	GlobalSection(ExtensibilityGlobals) = postSolution
		SolutionGuid = {35C0512C-0685-4C8D-9870-B3E7022934B3}
	EndGlobalSection
EndGlobal
